
Microsoft Visual Studio Solution File, Format Version 12.00
# Visual Studio Version 16
VisualStudioVersion = 16.0.31229.75
MinimumVisualStudioVersion = 10.0.40219.1
Project("{FAE04EC0-301F-11D3-BF4B-00C04F79EFBC}") = "RowWeights", "RowWeights\RowWeights.csproj", "{B43B6832-262C-49D8-B540-B38B6E753632}"
EndProject
Global
	GlobalSection(SolutionConfigurationPlatforms) = preSolution
		Debug|Any CPU = Debug|Any CPU
		Release|Any CPU = Release|Any CPU
	EndGlobalSection
	GlobalSection(ProjectConfigurationPlatforms) = postSolution
		{B43B6832-262C-49D8-B540-B38B6E753632}.Debug|Any CPU.ActiveCfg = Debug|Any CPU
		{B43B6832-262C-49D8-B540-B38B6E753632}.Debug|Any CPU.Build.0 = Debug|Any CPU
		{B43B6832-262C-49D8-B540-B38B6E753632}.Release|Any CPU.ActiveCfg = Release|Any CPU
		{B43B6832-262C-49D8-B540-B38B6E753632}.Release|Any CPU.Build.0 = Release|Any CPU
	EndGlobalSection
	GlobalSection(SolutionProperties) = preSolution
		HideSolutionNode = FALSE
	EndGlobalSection
	GlobalSection(ExtensibilityGlobals) = postSolution
		SolutionGuid = {70372C63-2BA5-451D-B34F-519AB97F6307}
	EndGlobalSection
EndGlobal
