
Microsoft Visual Studio Solution File, Format Version 12.00
# Visual Studio Version 16
VisualStudioVersion = 16.0.31410.357
MinimumVisualStudioVersion = 10.0.40219.1
Project("{FAE04EC0-301F-11D3-BF4B-00C04F79EFBC}") = "CompareEndingOfStrings", "CompareEndingOfStrings\CompareEndingOfStrings.csproj", "{11CE8B40-B829-4F8D-B1EA-2C8A20E7FBFF}"
EndProject
Global
	GlobalSection(SolutionConfigurationPlatforms) = preSolution
		Debug|Any CPU = Debug|Any CPU
		Release|Any CPU = Release|Any CPU
	EndGlobalSection
	GlobalSection(ProjectConfigurationPlatforms) = postSolution
		{11CE8B40-B829-4F8D-B1EA-2C8A20E7FBFF}.Debug|Any CPU.ActiveCfg = Debug|Any CPU
		{11CE8B40-B829-4F8D-B1EA-2C8A20E7FBFF}.Debug|Any CPU.Build.0 = Debug|Any CPU
		{11CE8B40-B829-4F8D-B1EA-2C8A20E7FBFF}.Release|Any CPU.ActiveCfg = Release|Any CPU
		{11CE8B40-B829-4F8D-B1EA-2C8A20E7FBFF}.Release|Any CPU.Build.0 = Release|Any CPU
	EndGlobalSection
	GlobalSection(SolutionProperties) = preSolution
		HideSolutionNode = FALSE
	EndGlobalSection
	GlobalSection(ExtensibilityGlobals) = postSolution
		SolutionGuid = {5AD1F760-9A8E-4D5D-A25E-B61494B3134B}
	EndGlobalSection
EndGlobal
