
Microsoft Visual Studio Solution File, Format Version 12.00
# Visual Studio Version 16
VisualStudioVersion = 16.0.31321.278
MinimumVisualStudioVersion = 10.0.40219.1
Project("{FAE04EC0-301F-11D3-BF4B-00C04F79EFBC}") = "GreetMe", "GreetMe\GreetMe.csproj", "{C89A03F0-BE93-4C4B-8864-B49D96E678E7}"
EndProject
Global
	GlobalSection(SolutionConfigurationPlatforms) = preSolution
		Debug|Any CPU = Debug|Any CPU
		Release|Any CPU = Release|Any CPU
	EndGlobalSection
	GlobalSection(ProjectConfigurationPlatforms) = postSolution
		{C89A03F0-BE93-4C4B-8864-B49D96E678E7}.Debug|Any CPU.ActiveCfg = Debug|Any CPU
		{C89A03F0-BE93-4C4B-8864-B49D96E678E7}.Debug|Any CPU.Build.0 = Debug|Any CPU
		{C89A03F0-BE93-4C4B-8864-B49D96E678E7}.Release|Any CPU.ActiveCfg = Release|Any CPU
		{C89A03F0-BE93-4C4B-8864-B49D96E678E7}.Release|Any CPU.Build.0 = Release|Any CPU
	EndGlobalSection
	GlobalSection(SolutionProperties) = preSolution
		HideSolutionNode = FALSE
	EndGlobalSection
	GlobalSection(ExtensibilityGlobals) = postSolution
		SolutionGuid = {152551B5-1639-416F-936F-4BE64AD0E483}
	EndGlobalSection
EndGlobal
