
Microsoft Visual Studio Solution File, Format Version 12.00
# Visual Studio Version 16
VisualStudioVersion = 16.0.31105.61
MinimumVisualStudioVersion = 10.0.40219.1
Project("{FAE04EC0-301F-11D3-BF4B-00C04F79EFBC}") = "SumOf2LowestPosInt", "SumOf2LowestPosInt\SumOf2LowestPosInt.csproj", "{86A5F206-11B1-42CD-9577-CB8199B37F93}"
EndProject
Global
	GlobalSection(SolutionConfigurationPlatforms) = preSolution
		Debug|Any CPU = Debug|Any CPU
		Release|Any CPU = Release|Any CPU
	EndGlobalSection
	GlobalSection(ProjectConfigurationPlatforms) = postSolution
		{86A5F206-11B1-42CD-9577-CB8199B37F93}.Debug|Any CPU.ActiveCfg = Debug|Any CPU
		{86A5F206-11B1-42CD-9577-CB8199B37F93}.Debug|Any CPU.Build.0 = Debug|Any CPU
		{86A5F206-11B1-42CD-9577-CB8199B37F93}.Release|Any CPU.ActiveCfg = Release|Any CPU
		{86A5F206-11B1-42CD-9577-CB8199B37F93}.Release|Any CPU.Build.0 = Release|Any CPU
	EndGlobalSection
	GlobalSection(SolutionProperties) = preSolution
		HideSolutionNode = FALSE
	EndGlobalSection
	GlobalSection(ExtensibilityGlobals) = postSolution
		SolutionGuid = {DD0E463F-D05A-4D61-94A1-072D5D4F6735}
	EndGlobalSection
EndGlobal
